
Microsoft Visual Studio Solution File, Format Version 12.00
# Visual Studio 15
VisualStudioVersion = 15.0.28307.168
MinimumVisualStudioVersion = 10.0.40219.1
Project("{FAE04EC0-301F-11D3-BF4B-00C04F79EFBC}") = "VideoTrimmer", "VideoTrimmer\VideoTrimmer.csproj", "{C52A3866-C2E1-476E-916D-9CF467601B29}"
EndProject
Global
	GlobalSection(SolutionConfigurationPlatforms) = preSolution
		Debug|Any CPU = Debug|Any CPU
		Release|Any CPU = Release|Any CPU
	EndGlobalSection
	GlobalSection(ProjectConfigurationPlatforms) = postSolution
		{C52A3866-C2E1-476E-916D-9CF467601B29}.Debug|Any CPU.ActiveCfg = Debug|Any CPU
		{C52A3866-C2E1-476E-916D-9CF467601B29}.Debug|Any CPU.Build.0 = Debug|Any CPU
		{C52A3866-C2E1-476E-916D-9CF467601B29}.Release|Any CPU.ActiveCfg = Release|Any CPU
		{C52A3866-C2E1-476E-916D-9CF467601B29}.Release|Any CPU.Build.0 = Release|Any CPU
	EndGlobalSection
	GlobalSection(SolutionProperties) = preSolution
		HideSolutionNode = FALSE
	EndGlobalSection
	GlobalSection(ExtensibilityGlobals) = postSolution
		SolutionGuid = {AC2871B2-3568-40AF-A742-4D9D4723206E}
	EndGlobalSection
EndGlobal
